{
  "name": "gas",
  "version": "0.1.0",
  "lockfileVersion": 1,
  "requires": true,
  "dependencies": {
    "bootstrap": {
      "version": "4.4.1",
      "resolved": "https://registry.npmjs.org/bootstrap/-/bootstrap-4.4.1.tgz",
      "integrity": "sha512-tbx5cHubwE6e2ZG7nqM3g/FZ5PQEDMWmMGNrCUBVRPHXTJaH7CBDdsLeu3eCh3B1tzAxTnAbtmrzvWEvT2NNEA=="
    },
    "datatables.net": {
      "version": "1.13.11",
      "resolved": "https://registry.npmjs.org/datatables.net/-/datatables.net-1.13.11.tgz",
      "integrity": "sha512-AE6RkMXziRaqzPcu/pl3SJXeRa6fmXQG/fVjuRESujvkzqDCYEeKTTpPMuVJSGYJpPi32WGSphVNNY1G4nSN/g==",
      "requires": {
        "jquery": "1.8 - 4"
      }
    },
    "datatables.net-bs4": {
      "version": "2.3.7",
      "resolved": "https://registry.npmjs.org/datatables.net-bs4/-/datatables.net-bs4-2.3.7.tgz",
      "integrity": "sha512-ZyofK/3Unj0lQdAIsI9gT5oGCwTnx8y2UF6muYkbdO/Rw9h+x2kQwFkuCX5J0j6N2B+YCwzHk2OPu9yU8nk1Kw==",
      "requires": {
        "datatables.net": "2.3.7",
        "jquery": ">=1.7"
      },
      "dependencies": {
        "datatables.net": {
          "version": "2.3.7",
          "resolved": "https://registry.npmjs.org/datatables.net/-/datatables.net-2.3.7.tgz",
          "integrity": "sha512-AvsjG/Nkp6OxeyBKYZauemuzQCPogE1kOtKwG4sYjvdqGCSLiGaJagQwXv4YxG+ts5vaJr6qKGG9ec3g6vTo3w==",
          "requires": {
            "jquery": ">=1.7"
          }
        }
      }
    },
    "datatables.net-fixedcolumns": {
      "version": "3.3.3",
      "resolved": "https://registry.npmjs.org/datatables.net-fixedcolumns/-/datatables.net-fixedcolumns-3.3.3.tgz",
      "integrity": "sha512-xo6MeI2xc/Ufk4ffrpao+OiPo8/GPB8cO80gA6NFgYBVw6eP9pPa2NsV+gSWRVr7d3A8iZC7mUZT5WdtliNHEA==",
      "requires": {
        "datatables.net": "^1.10.15",
        "jquery": ">=1.7"
      }
    },
    "datatables.net-fixedcolumns-bs4": {
      "version": "3.3.3",
      "resolved": "https://registry.npmjs.org/datatables.net-fixedcolumns-bs4/-/datatables.net-fixedcolumns-bs4-3.3.3.tgz",
      "integrity": "sha512-d0dqCYk93wnCT382hW2Y1YMwgJXpTfdTu3Tb+UKQvt7OApxKYuWUFfKde+wHtIhqodswZ1jrMfYmxZHJYAysZQ==",
      "requires": {
        "datatables.net-bs4": "^1.10.15",
        "datatables.net-fixedcolumns": "3.3.3",
        "jquery": ">=1.7"
      },
      "dependencies": {
        "datatables.net": {
          "version": "1.13.11",
          "resolved": "https://registry.npmjs.org/datatables.net/-/datatables.net-1.13.11.tgz",
          "integrity": "sha512-AE6RkMXziRaqzPcu/pl3SJXeRa6fmXQG/fVjuRESujvkzqDCYEeKTTpPMuVJSGYJpPi32WGSphVNNY1G4nSN/g==",
          "requires": {
            "jquery": "1.8 - 4"
          }
        },
        "datatables.net-bs4": {
          "version": "1.13.11",
          "resolved": "https://registry.npmjs.org/datatables.net-bs4/-/datatables.net-bs4-1.13.11.tgz",
          "integrity": "sha512-1LnxzQDFKpwvBETc8wtUtQ+pUXhs6NJomNST5pRzzHAccckkj9rZeOp3mevKDnDJKuNhBM1Y0rIeZGylJnqh9A==",
          "requires": {
            "datatables.net": "1.13.11",
            "jquery": "1.8 - 4"
          }
        }
      }
    },
    "datatables.net-fixedheader": {
      "version": "3.1.6",
      "resolved": "https://registry.npmjs.org/datatables.net-fixedheader/-/datatables.net-fixedheader-3.1.6.tgz",
      "integrity": "sha512-EMx2JogtXEQObaF7ylgB+pY4/vWhu/plTZNf5EvNMAboRha6FT4+14CHIyARVM/bjySPU+6advtft02pW3KxJg==",
      "requires": {
        "datatables.net": "^1.10.15",
        "jquery": ">=1.7"
      }
    },
    "datatables.net-fixedheader-bs4": {
      "version": "3.1.6",
      "resolved": "https://registry.npmjs.org/datatables.net-fixedheader-bs4/-/datatables.net-fixedheader-bs4-3.1.6.tgz",
      "integrity": "sha512-mat50UvCNhE5E2jhqEAO07LJ7I++pxFwpbNUfVtuFg866Tf3uHAKHgsXnsXW8kqiER931g4LbxO28axyquj1tw==",
      "requires": {
        "datatables.net-bs4": "^1.10.15",
        "datatables.net-fixedheader": "3.1.6",
        "jquery": ">=1.7"
      },
      "dependencies": {
        "datatables.net": {
          "version": "1.13.11",
          "resolved": "https://registry.npmjs.org/datatables.net/-/datatables.net-1.13.11.tgz",
          "integrity": "sha512-AE6RkMXziRaqzPcu/pl3SJXeRa6fmXQG/fVjuRESujvkzqDCYEeKTTpPMuVJSGYJpPi32WGSphVNNY1G4nSN/g==",
          "requires": {
            "jquery": "1.8 - 4"
          }
        },
        "datatables.net-bs4": {
          "version": "1.13.11",
          "resolved": "https://registry.npmjs.org/datatables.net-bs4/-/datatables.net-bs4-1.13.11.tgz",
          "integrity": "sha512-1LnxzQDFKpwvBETc8wtUtQ+pUXhs6NJomNST5pRzzHAccckkj9rZeOp3mevKDnDJKuNhBM1Y0rIeZGylJnqh9A==",
          "requires": {
            "datatables.net": "1.13.11",
            "jquery": "1.8 - 4"
          }
        }
      }
    },
    "datatables.net-responsive": {
      "version": "2.2.3",
      "resolved": "https://registry.npmjs.org/datatables.net-responsive/-/datatables.net-responsive-2.2.3.tgz",
      "integrity": "sha512-8D6VtZcyuH3FG0Hn5A4LPZQEOX3+HrRFM7HjpmsQc/nQDBbdeBLkJX4Sh/o1nzFTSneuT1Wh/lYZHVPpjcN+Sw==",
      "requires": {
        "datatables.net": "^1.10.15",
        "jquery": ">=1.7"
      }
    },
    "datatables.net-responsive-bs4": {
      "version": "2.2.3",
      "resolved": "https://registry.npmjs.org/datatables.net-responsive-bs4/-/datatables.net-responsive-bs4-2.2.3.tgz",
      "integrity": "sha512-SQaWI0uLuPcaiBBin9zX+MuQfTSIkK1bYxbXqUV6NLkHCVa6PMQK7Rvftj0ywG4R7uOtjbzY8nSVqxEKvQI0Vg==",
      "requires": {
        "datatables.net-bs4": "^1.10.15",
        "datatables.net-responsive": "2.2.3",
        "jquery": ">=1.7"
      },
      "dependencies": {
        "datatables.net": {
          "version": "1.13.11",
          "resolved": "https://registry.npmjs.org/datatables.net/-/datatables.net-1.13.11.tgz",
          "integrity": "sha512-AE6RkMXziRaqzPcu/pl3SJXeRa6fmXQG/fVjuRESujvkzqDCYEeKTTpPMuVJSGYJpPi32WGSphVNNY1G4nSN/g==",
          "requires": {
            "jquery": "1.8 - 4"
          }
        },
        "datatables.net-bs4": {
          "version": "1.13.11",
          "resolved": "https://registry.npmjs.org/datatables.net-bs4/-/datatables.net-bs4-1.13.11.tgz",
          "integrity": "sha512-1LnxzQDFKpwvBETc8wtUtQ+pUXhs6NJomNST5pRzzHAccckkj9rZeOp3mevKDnDJKuNhBM1Y0rIeZGylJnqh9A==",
          "requires": {
            "datatables.net": "1.13.11",
            "jquery": "1.8 - 4"
          }
        }
      }
    },
    "font-awesome": {
      "version": "4.7.0",
      "resolved": "https://registry.npmjs.org/font-awesome/-/font-awesome-4.7.0.tgz",
      "integrity": "sha1-j6jPBBGhoxr9B7BtKQK7n8gVoTM="
    },
    "footable": {
      "version": "2.0.6",
      "resolved": "https://registry.npmjs.org/footable/-/footable-2.0.6.tgz",
      "integrity": "sha1-JOLQxKYWSOA/wDE4F76FOqWcCdA=",
      "requires": {
        "jquery": ">=1.4.4"
      }
    },
    "jquery": {
      "version": "4.0.0",
      "resolved": "https://registry.npmjs.org/jquery/-/jquery-4.0.0.tgz",
      "integrity": "sha512-TXCHVR3Lb6TZdtw1l3RTLf8RBWVGexdxL6AC8/e0xZKEpBflBsjh9/8LXw+dkNFuOyW9B7iB3O1sP7hS0Kiacg=="
    },
    "moment": {
      "version": "2.30.1",
      "resolved": "https://registry.npmjs.org/moment/-/moment-2.30.1.tgz",
      "integrity": "sha512-uEmtNhbDOrWPFS+hdjFCBfy9f2YoyzRpwcl+DqpC6taX21FzsTLQVbMV/W7PzNSX6x/bhC1zA3c2UQ5NzH6how=="
    },
    "popper.js": {
      "version": "1.16.0",
      "resolved": "https://registry.npmjs.org/popper.js/-/popper.js-1.16.0.tgz",
      "integrity": "sha512-+G+EkOPoE5S/zChTpmBSSDYmhXJ5PsW8eMhH8cP/CQHMFPBG/kC9Y5IIw6qNYgdJ+/COf0ddY2li28iHaZRSjw=="
    },
    "toastr": {
      "version": "2.1.4",
      "resolved": "https://registry.npmjs.org/toastr/-/toastr-2.1.4.tgz",
      "integrity": "sha1-i0O+ZPudDEFIcURvLbjoyk6V8YE=",
      "requires": {
        "jquery": ">=1.12.0"
      }
    }
  }
}
